
Microsoft Visual Studio Solution File, Format Version 12.00
# Visual Studio Version 16
VisualStudioVersion = 16.0.30413.136
MinimumVisualStudioVersion = 10.0.40219.1
Project("{8BC9CEB8-8B4A-11D0-8D11-00A0C91BC942}") = "weekly1task2", "weekly1task2\weekly1task2.vcxproj", "{EEC07C2E-32C8-413D-BCC2-E414977C1512}"
EndProject
Global
	GlobalSection(SolutionConfigurationPlatforms) = preSolution
		Debug|x64 = Debug|x64
		Debug|x86 = Debug|x86
		Release|x64 = Release|x64
		Release|x86 = Release|x86
	EndGlobalSection
	GlobalSection(ProjectConfigurationPlatforms) = postSolution
		{EEC07C2E-32C8-413D-BCC2-E414977C1512}.Debug|x64.ActiveCfg = Debug|x64
		{EEC07C2E-32C8-413D-BCC2-E414977C1512}.Debug|x64.Build.0 = Debug|x64
		{EEC07C2E-32C8-413D-BCC2-E414977C1512}.Debug|x86.ActiveCfg = Debug|Win32
		{EEC07C2E-32C8-413D-BCC2-E414977C1512}.Debug|x86.Build.0 = Debug|Win32
		{EEC07C2E-32C8-413D-BCC2-E414977C1512}.Release|x64.ActiveCfg = Release|x64
		{EEC07C2E-32C8-413D-BCC2-E414977C1512}.Release|x64.Build.0 = Release|x64
		{EEC07C2E-32C8-413D-BCC2-E414977C1512}.Release|x86.ActiveCfg = Release|Win32
		{EEC07C2E-32C8-413D-BCC2-E414977C1512}.Release|x86.Build.0 = Release|Win32
	EndGlobalSection
	GlobalSection(SolutionProperties) = preSolution
		HideSolutionNode = FALSE
	EndGlobalSection
	GlobalSection(ExtensibilityGlobals) = postSolution
		SolutionGuid = {D5C5C67A-99B9-4E54-872B-60FBFFD37648}
	EndGlobalSection
EndGlobal
